
Microsoft Visual Studio Solution File, Format Version 12.00
# Visual Studio 15
Project("{FAE04EC0-301F-11D3-BF4B-00C04F79EFBC}") = "Assembly-CSharp", "Assembly-CSharp.csproj", "{0354674D-80C1-B792-1167-A32E4C966E31}"
EndProject
Project("{FAE04EC0-301F-11D3-BF4B-00C04F79EFBC}") = "Assembly-CSharp-firstpass", "Assembly-CSharp-firstpass.csproj", "{863AB6B2-A7A3-7F2C-8FA9-8EAA3128EAAF}"
EndProject
Global
	GlobalSection(SolutionConfigurationPlatforms) = preSolution
		Debug|Any CPU = Debug|Any CPU
		Release|Any CPU = Release|Any CPU
	EndGlobalSection
	GlobalSection(ProjectConfigurationPlatforms) = postSolution
		{0354674D-80C1-B792-1167-A32E4C966E31}.Debug|Any CPU.ActiveCfg = Debug|Any CPU
		{0354674D-80C1-B792-1167-A32E4C966E31}.Debug|Any CPU.Build.0 = Debug|Any CPU
		{0354674D-80C1-B792-1167-A32E4C966E31}.Release|Any CPU.ActiveCfg = Release|Any CPU
		{0354674D-80C1-B792-1167-A32E4C966E31}.Release|Any CPU.Build.0 = Release|Any CPU
		{863AB6B2-A7A3-7F2C-8FA9-8EAA3128EAAF}.Debug|Any CPU.ActiveCfg = Debug|Any CPU
		{863AB6B2-A7A3-7F2C-8FA9-8EAA3128EAAF}.Debug|Any CPU.Build.0 = Debug|Any CPU
		{863AB6B2-A7A3-7F2C-8FA9-8EAA3128EAAF}.Release|Any CPU.ActiveCfg = Release|Any CPU
		{863AB6B2-A7A3-7F2C-8FA9-8EAA3128EAAF}.Release|Any CPU.Build.0 = Release|Any CPU
	EndGlobalSection
	GlobalSection(SolutionProperties) = preSolution
		HideSolutionNode = FALSE
	EndGlobalSection
EndGlobal
